
Microsoft Visual Studio Solution File, Format Version 12.00
# Visual Studio 2012
Project("{FAE04EC0-301F-11D3-BF4B-00C04F79EFBC}") = "Pixie", "Pixie\Pixie.csproj", "{0F4FC8AB-8928-473C-9EF1-C68089AAE644}"
EndProject
Project("{FAE04EC0-301F-11D3-BF4B-00C04F79EFBC}") = "Pixie.Terminal", "Pixie.Terminal\Pixie.Terminal.csproj", "{6BFE52E0-1F80-4BE2-AFC0-EE0958F7E271}"
EndProject
Project("{FAE04EC0-301F-11D3-BF4B-00C04F79EFBC}") = "FormattedList", "Examples\FormattedList\FormattedList.csproj", "{4AE2009A-41E5-4282-9394-2870FFC8BBD1}"
EndProject
Project("{FAE04EC0-301F-11D3-BF4B-00C04F79EFBC}") = "CaretDiagnostics", "Examples\CaretDiagnostics\CaretDiagnostics.csproj", "{353D417A-557E-4F2E-8202-64DA1EBC1C15}"
EndProject
Project("{FAE04EC0-301F-11D3-BF4B-00C04F79EFBC}") = "ParseOptions", "Examples\ParseOptions\ParseOptions.csproj", "{C2667BED-853C-4BC4-B79D-7F8476936E4F}"
EndProject
Global
	GlobalSection(SolutionConfigurationPlatforms) = preSolution
		Debug|Any CPU = Debug|Any CPU
		Release|Any CPU = Release|Any CPU
	EndGlobalSection
	GlobalSection(ProjectConfigurationPlatforms) = postSolution
		{0F4FC8AB-8928-473C-9EF1-C68089AAE644}.Debug|Any CPU.ActiveCfg = Debug|Any CPU
		{0F4FC8AB-8928-473C-9EF1-C68089AAE644}.Debug|Any CPU.Build.0 = Debug|Any CPU
		{0F4FC8AB-8928-473C-9EF1-C68089AAE644}.Release|Any CPU.ActiveCfg = Release|Any CPU
		{0F4FC8AB-8928-473C-9EF1-C68089AAE644}.Release|Any CPU.Build.0 = Release|Any CPU
		{353D417A-557E-4F2E-8202-64DA1EBC1C15}.Debug|Any CPU.ActiveCfg = Debug|Any CPU
		{353D417A-557E-4F2E-8202-64DA1EBC1C15}.Debug|Any CPU.Build.0 = Debug|Any CPU
		{353D417A-557E-4F2E-8202-64DA1EBC1C15}.Release|Any CPU.ActiveCfg = Release|Any CPU
		{353D417A-557E-4F2E-8202-64DA1EBC1C15}.Release|Any CPU.Build.0 = Release|Any CPU
		{4AE2009A-41E5-4282-9394-2870FFC8BBD1}.Debug|Any CPU.ActiveCfg = Debug|Any CPU
		{4AE2009A-41E5-4282-9394-2870FFC8BBD1}.Debug|Any CPU.Build.0 = Debug|Any CPU
		{4AE2009A-41E5-4282-9394-2870FFC8BBD1}.Release|Any CPU.ActiveCfg = Release|Any CPU
		{4AE2009A-41E5-4282-9394-2870FFC8BBD1}.Release|Any CPU.Build.0 = Release|Any CPU
		{6BFE52E0-1F80-4BE2-AFC0-EE0958F7E271}.Debug|Any CPU.ActiveCfg = Debug|Any CPU
		{6BFE52E0-1F80-4BE2-AFC0-EE0958F7E271}.Debug|Any CPU.Build.0 = Debug|Any CPU
		{6BFE52E0-1F80-4BE2-AFC0-EE0958F7E271}.Release|Any CPU.ActiveCfg = Release|Any CPU
		{6BFE52E0-1F80-4BE2-AFC0-EE0958F7E271}.Release|Any CPU.Build.0 = Release|Any CPU
		{C2667BED-853C-4BC4-B79D-7F8476936E4F}.Debug|Any CPU.ActiveCfg = Debug|Any CPU
		{C2667BED-853C-4BC4-B79D-7F8476936E4F}.Debug|Any CPU.Build.0 = Debug|Any CPU
		{C2667BED-853C-4BC4-B79D-7F8476936E4F}.Release|Any CPU.ActiveCfg = Release|Any CPU
		{C2667BED-853C-4BC4-B79D-7F8476936E4F}.Release|Any CPU.Build.0 = Release|Any CPU
	EndGlobalSection
EndGlobal
