
Microsoft Visual Studio Solution File, Format Version 12.00
# Visual Studio 2012
Project("{FAE04EC0-301F-11D3-BF4B-00C04F79EFBC}") = "Pixie/Pixie", "Pixie/Pixie.csproj", "{0F4FC8AB-8928-473C-9EF1-C68089AAE644}"
EndProject
Global
	GlobalSection(SolutionConfigurationPlatforms) = preSolution
		Debug|Any CPU = Debug|Any CPU
		Release|Any CPU = Release|Any CPU
	EndGlobalSection
	GlobalSection(ProjectConfigurationPlatforms) = postSolution
		{0F4FC8AB-8928-473C-9EF1-C68089AAE644}.Debug|Any CPU.ActiveCfg = Debug|Any CPU
		{0F4FC8AB-8928-473C-9EF1-C68089AAE644}.Debug|Any CPU.Build.0 = Debug|Any CPU
		{0F4FC8AB-8928-473C-9EF1-C68089AAE644}.Release|Any CPU.ActiveCfg = Release|Any CPU
		{0F4FC8AB-8928-473C-9EF1-C68089AAE644}.Release|Any CPU.Build.0 = Release|Any CPU
	EndGlobalSection
EndGlobal
