
Microsoft Visual Studio Solution File, Format Version 12.00
# Visual Studio 2012
Project("{FAE04EC0-301F-11D3-BF4B-00C04F79EFBC}") = "Pixie", "Pixie\Pixie.csproj", "{0F4FC8AB-8928-473C-9EF1-C68089AAE644}"
EndProject
Project("{FAE04EC0-301F-11D3-BF4B-00C04F79EFBC}") = "Pixie.Terminal", "Pixie.Terminal\Pixie.Terminal.csproj", "{6BFE52E0-1F80-4BE2-AFC0-EE0958F7E271}"
EndProject
Project("{FAE04EC0-301F-11D3-BF4B-00C04F79EFBC}") = "Tests", "Tests\Tests.csproj", "{A8B90E55-2BE7-40DB-B35B-2576D00FD848}"
EndProject
Project("{2150E333-8FDC-42A3-9474-1A3956D46DE8}") = "Examples", "Examples", "{024E407C-D259-4DDA-AA34-F0D05FCD49AE}"
EndProject
Project("{FAE04EC0-301F-11D3-BF4B-00C04F79EFBC}") = "CaretDiagnostics", "Examples\CaretDiagnostics\CaretDiagnostics.csproj", "{353D417A-557E-4F2E-8202-64DA1EBC1C15}"
EndProject
Project("{FAE04EC0-301F-11D3-BF4B-00C04F79EFBC}") = "FormattedList", "Examples\FormattedList\FormattedList.csproj", "{4AE2009A-41E5-4282-9394-2870FFC8BBD1}"
EndProject
Project("{FAE04EC0-301F-11D3-BF4B-00C04F79EFBC}") = "ParseOptions", "Examples\ParseOptions\ParseOptions.csproj", "{C2667BED-853C-4BC4-B79D-7F8476936E4F}"
EndProject
Project("{FAE04EC0-301F-11D3-BF4B-00C04F79EFBC}") = "PrintHelp", "Examples\PrintHelp\PrintHelp.csproj", "{77714EEF-4ADA-4DDE-A2CF-62272E02EC16}"
EndProject
Project("{FAE04EC0-301F-11D3-BF4B-00C04F79EFBC}") = "SimpleErrorMessage", "Examples\SimpleErrorMessage\SimpleErrorMessage.csproj", "{4156E86A-78D5-4BD0-B123-3E3169032AC0}"
EndProject
Project("{FAE04EC0-301F-11D3-BF4B-00C04F79EFBC}") = "Pixie.Loyc", "Pixie.Loyc\Pixie.Loyc.csproj", "{207C9935-4A9D-4447-B909-9C646424F7C2}"
EndProject
Global
	GlobalSection(SolutionConfigurationPlatforms) = preSolution
		Debug|Any CPU = Debug|Any CPU
		Release|Any CPU = Release|Any CPU
	EndGlobalSection
	GlobalSection(ProjectConfigurationPlatforms) = postSolution
		{0F4FC8AB-8928-473C-9EF1-C68089AAE644}.Debug|Any CPU.ActiveCfg = Debug|Any CPU
		{0F4FC8AB-8928-473C-9EF1-C68089AAE644}.Debug|Any CPU.Build.0 = Debug|Any CPU
		{0F4FC8AB-8928-473C-9EF1-C68089AAE644}.Release|Any CPU.ActiveCfg = Release|Any CPU
		{0F4FC8AB-8928-473C-9EF1-C68089AAE644}.Release|Any CPU.Build.0 = Release|Any CPU
		{207C9935-4A9D-4447-B909-9C646424F7C2}.Debug|Any CPU.ActiveCfg = Debug|Any CPU
		{207C9935-4A9D-4447-B909-9C646424F7C2}.Debug|Any CPU.Build.0 = Debug|Any CPU
		{207C9935-4A9D-4447-B909-9C646424F7C2}.Release|Any CPU.ActiveCfg = Release|Any CPU
		{207C9935-4A9D-4447-B909-9C646424F7C2}.Release|Any CPU.Build.0 = Release|Any CPU
		{353D417A-557E-4F2E-8202-64DA1EBC1C15}.Debug|Any CPU.ActiveCfg = Debug|Any CPU
		{353D417A-557E-4F2E-8202-64DA1EBC1C15}.Debug|Any CPU.Build.0 = Debug|Any CPU
		{353D417A-557E-4F2E-8202-64DA1EBC1C15}.Release|Any CPU.ActiveCfg = Release|Any CPU
		{353D417A-557E-4F2E-8202-64DA1EBC1C15}.Release|Any CPU.Build.0 = Release|Any CPU
		{4156E86A-78D5-4BD0-B123-3E3169032AC0}.Debug|Any CPU.ActiveCfg = Debug|Any CPU
		{4156E86A-78D5-4BD0-B123-3E3169032AC0}.Debug|Any CPU.Build.0 = Debug|Any CPU
		{4156E86A-78D5-4BD0-B123-3E3169032AC0}.Release|Any CPU.ActiveCfg = Release|Any CPU
		{4156E86A-78D5-4BD0-B123-3E3169032AC0}.Release|Any CPU.Build.0 = Release|Any CPU
		{4AE2009A-41E5-4282-9394-2870FFC8BBD1}.Debug|Any CPU.ActiveCfg = Debug|Any CPU
		{4AE2009A-41E5-4282-9394-2870FFC8BBD1}.Debug|Any CPU.Build.0 = Debug|Any CPU
		{4AE2009A-41E5-4282-9394-2870FFC8BBD1}.Release|Any CPU.ActiveCfg = Release|Any CPU
		{4AE2009A-41E5-4282-9394-2870FFC8BBD1}.Release|Any CPU.Build.0 = Release|Any CPU
		{6BFE52E0-1F80-4BE2-AFC0-EE0958F7E271}.Debug|Any CPU.ActiveCfg = Debug|Any CPU
		{6BFE52E0-1F80-4BE2-AFC0-EE0958F7E271}.Debug|Any CPU.Build.0 = Debug|Any CPU
		{6BFE52E0-1F80-4BE2-AFC0-EE0958F7E271}.Release|Any CPU.ActiveCfg = Release|Any CPU
		{6BFE52E0-1F80-4BE2-AFC0-EE0958F7E271}.Release|Any CPU.Build.0 = Release|Any CPU
		{77714EEF-4ADA-4DDE-A2CF-62272E02EC16}.Debug|Any CPU.ActiveCfg = Debug|Any CPU
		{77714EEF-4ADA-4DDE-A2CF-62272E02EC16}.Debug|Any CPU.Build.0 = Debug|Any CPU
		{77714EEF-4ADA-4DDE-A2CF-62272E02EC16}.Release|Any CPU.ActiveCfg = Release|Any CPU
		{77714EEF-4ADA-4DDE-A2CF-62272E02EC16}.Release|Any CPU.Build.0 = Release|Any CPU
		{A8B90E55-2BE7-40DB-B35B-2576D00FD848}.Debug|Any CPU.ActiveCfg = Debug|Any CPU
		{A8B90E55-2BE7-40DB-B35B-2576D00FD848}.Debug|Any CPU.Build.0 = Debug|Any CPU
		{A8B90E55-2BE7-40DB-B35B-2576D00FD848}.Release|Any CPU.ActiveCfg = Release|Any CPU
		{A8B90E55-2BE7-40DB-B35B-2576D00FD848}.Release|Any CPU.Build.0 = Release|Any CPU
		{C2667BED-853C-4BC4-B79D-7F8476936E4F}.Debug|Any CPU.ActiveCfg = Debug|Any CPU
		{C2667BED-853C-4BC4-B79D-7F8476936E4F}.Debug|Any CPU.Build.0 = Debug|Any CPU
		{C2667BED-853C-4BC4-B79D-7F8476936E4F}.Release|Any CPU.ActiveCfg = Release|Any CPU
		{C2667BED-853C-4BC4-B79D-7F8476936E4F}.Release|Any CPU.Build.0 = Release|Any CPU
	EndGlobalSection
	GlobalSection(NestedProjects) = preSolution
		{353D417A-557E-4F2E-8202-64DA1EBC1C15} = {024E407C-D259-4DDA-AA34-F0D05FCD49AE}
		{4AE2009A-41E5-4282-9394-2870FFC8BBD1} = {024E407C-D259-4DDA-AA34-F0D05FCD49AE}
		{C2667BED-853C-4BC4-B79D-7F8476936E4F} = {024E407C-D259-4DDA-AA34-F0D05FCD49AE}
		{77714EEF-4ADA-4DDE-A2CF-62272E02EC16} = {024E407C-D259-4DDA-AA34-F0D05FCD49AE}
		{4156E86A-78D5-4BD0-B123-3E3169032AC0} = {024E407C-D259-4DDA-AA34-F0D05FCD49AE}
	EndGlobalSection
EndGlobal
